{
  "nodes": {
    "accessor-hs": {
      "inputs": {
        "flake-utils": [
          "flex-record",
          "flake-utils"
        ],
        "nixpkgs": [
          "flex-record",
          "nixpkgs"
        ]
      },
      "locked": {
        "lastModified": 1773996108,
        "narHash": "sha256-MtJjRRBljfCBNvX1UWX6A/M+bYE290ue8hzjWOpqvv4=",
        "type": "tarball",
        "url": "https://github.com/mistivia/releases/releases/download/accessor-hs-0.1.0/accessor-hs-0.1.0.tar.gz"
      },
      "original": {
        "type": "tarball",
        "url": "https://github.com/mistivia/releases/releases/download/accessor-hs-0.1.0/accessor-hs-0.1.0.tar.gz"
      }
    },
    "flake-utils": {
      "inputs": {
        "systems": "systems"
      },
      "locked": {
        "lastModified": 1731533236,
        "narHash": "sha256-l0KFg5HjrsfsO/JpG+r7fRrqm12kzFHyUHqHCVpMMbI=",
        "owner": "numtide",
        "repo": "flake-utils",
        "rev": "11707dc2f618dd54ca8739b309ec4fc024de578b",
        "type": "github"
      },
      "original": {
        "owner": "numtide",
        "repo": "flake-utils",
        "type": "github"
      }
    },
    "flex-record": {
      "inputs": {
        "accessor-hs": "accessor-hs",
        "flake-utils": [
          "flake-utils"
        ],
        "nixpkgs": [
          "nixpkgs"
        ]
      },
      "locked": {
        "lastModified": 1780454001,
        "narHash": "sha256-uXOUwOrmTEeLoGKMzb8xq6L/hxayJP5e92Yxx+Ed2FQ=",
        "type": "tarball",
        "url": "https://github.com/mistivia/releases/releases/download/flex-record-0.1.1/flex-record-0.1.1.tar.gz"
      },
      "original": {
        "type": "tarball",
        "url": "https://github.com/mistivia/releases/releases/download/flex-record-0.1.1/flex-record-0.1.1.tar.gz"
      }
    },
    "nixpkgs": {
      "locked": {
        "lastModified": 1773814637,
        "narHash": "sha256-GNU+ooRmrHLfjlMsKdn0prEKVa0faVanm0jrgu1J/gY=",
        "owner": "NixOS",
        "repo": "nixpkgs",
        "rev": "fea3b367d61c1a6592bc47c72f40a9f3e6a53e96",
        "type": "github"
      },
      "original": {
        "owner": "NixOS",
        "ref": "nixos-25.11",
        "repo": "nixpkgs",
        "type": "github"
      }
    },
    "root": {
      "inputs": {
        "flake-utils": "flake-utils",
        "flex-record": "flex-record",
        "nixpkgs": "nixpkgs"
      }
    },
    "systems": {
      "locked": {
        "lastModified": 1681028828,
        "narHash": "sha256-Vy1rq5AaRuLzOxct8nz4T6wlgyUR7zLU309k9mBC768=",
        "owner": "nix-systems",
        "repo": "default",
        "rev": "da67096a3b9bf56a91d16901293e51ba5b49a27e",
        "type": "github"
      },
      "original": {
        "owner": "nix-systems",
        "repo": "default",
        "type": "github"
      }
    }
  },
  "root": "root",
  "version": 7
}
