{
  "nodes": {
    "accessor-hs": {
      "inputs": {
        "flake-utils": [
          "flake-utils"
        ],
        "nixpkgs": [
          "nixpkgs"
        ]
      },
      "locked": {
        "lastModified": 1773563020,
        "narHash": "sha256-DKzk2VLbyfW7TZcLQkJzDTYy3NJKu7/ukUadCjYBeDQ=",
        "owner": "mistivia",
        "repo": "accessor-hs",
        "rev": "9da6586debd66f4bb6c35c1bba822f8f0954b029",
        "type": "github"
      },
      "original": {
        "owner": "mistivia",
        "repo": "accessor-hs",
        "type": "github"
      }
    },
    "accessor-hs_2": {
      "inputs": {
        "flake-utils": [
          "flex-record",
          "flake-utils"
        ],
        "nixpkgs": [
          "flex-record",
          "nixpkgs"
        ]
      },
      "locked": {
        "lastModified": 1773563020,
        "narHash": "sha256-DKzk2VLbyfW7TZcLQkJzDTYy3NJKu7/ukUadCjYBeDQ=",
        "owner": "mistivia",
        "repo": "accessor-hs",
        "rev": "9da6586debd66f4bb6c35c1bba822f8f0954b029",
        "type": "github"
      },
      "original": {
        "owner": "mistivia",
        "repo": "accessor-hs",
        "type": "github"
      }
    },
    "flake-utils": {
      "inputs": {
        "systems": "systems"
      },
      "locked": {
        "lastModified": 1731533236,
        "narHash": "sha256-l0KFg5HjrsfsO/JpG+r7fRrqm12kzFHyUHqHCVpMMbI=",
        "owner": "numtide",
        "repo": "flake-utils",
        "rev": "11707dc2f618dd54ca8739b309ec4fc024de578b",
        "type": "github"
      },
      "original": {
        "owner": "numtide",
        "repo": "flake-utils",
        "type": "github"
      }
    },
    "flex-record": {
      "inputs": {
        "accessor-hs": "accessor-hs_2",
        "flake-utils": [
          "flake-utils"
        ],
        "nixpkgs": [
          "nixpkgs"
        ]
      },
      "locked": {
        "lastModified": 1773847868,
        "narHash": "sha256-4+quewANbFoAg8dgHozPOt36EvfVxcavpGUJGnG8BeM=",
        "owner": "mistivia",
        "repo": "flex-record",
        "rev": "804815266e0f43589a550fc2f93a9bd92fca3c56",
        "type": "github"
      },
      "original": {
        "owner": "mistivia",
        "repo": "flex-record",
        "type": "github"
      }
    },
    "nixpkgs": {
      "locked": {
        "lastModified": 1773814637,
        "narHash": "sha256-GNU+ooRmrHLfjlMsKdn0prEKVa0faVanm0jrgu1J/gY=",
        "owner": "NixOS",
        "repo": "nixpkgs",
        "rev": "fea3b367d61c1a6592bc47c72f40a9f3e6a53e96",
        "type": "github"
      },
      "original": {
        "owner": "NixOS",
        "ref": "nixos-25.11",
        "repo": "nixpkgs",
        "type": "github"
      }
    },
    "root": {
      "inputs": {
        "accessor-hs": "accessor-hs",
        "flake-utils": "flake-utils",
        "flex-record": "flex-record",
        "nixpkgs": "nixpkgs"
      }
    },
    "systems": {
      "locked": {
        "lastModified": 1681028828,
        "narHash": "sha256-Vy1rq5AaRuLzOxct8nz4T6wlgyUR7zLU309k9mBC768=",
        "owner": "nix-systems",
        "repo": "default",
        "rev": "da67096a3b9bf56a91d16901293e51ba5b49a27e",
        "type": "github"
      },
      "original": {
        "owner": "nix-systems",
        "repo": "default",
        "type": "github"
      }
    }
  },
  "root": "root",
  "version": 7
}
